
Microsoft Visual Studio Solution File, Format Version 12.00
# Visual Studio Version 17
VisualStudioVersion = 17.12.35527.113
MinimumVisualStudioVersion = 10.0.40219.1
Project("{FAE04EC0-301F-11D3-BF4B-00C04F79EFBC}") = "HitsInternship.Api", "HitsInternship.Api\HitsInternship.Api.csproj", "{C299AA5A-1050-4822-A352-A006AAF1B51A}"
EndProject
Project("{2150E333-8FDC-42A3-9474-1A3956D46DE8}") = "UserModule", "UserModule", "{79735EA4-0A13-4CB7-B4C7-679BDF5800C7}"
EndProject
Project("{2150E333-8FDC-42A3-9474-1A3956D46DE8}") = "AuthModule", "AuthModule", "{4B3F6AEB-C318-4A52-8354-0AB73C98A0F3}"
EndProject
Project("{2150E333-8FDC-42A3-9474-1A3956D46DE8}") = "StudentModule", "StudentModule", "{C645AA1F-B91A-4BE5-9D9D-B69FEB40FDA1}"
EndProject
Project("{2150E333-8FDC-42A3-9474-1A3956D46DE8}") = "CompanyModule", "CompanyModule", "{0DA8D2A9-6B4F-4154-BA5C-350D1F6DA40F}"
EndProject
Project("{2150E333-8FDC-42A3-9474-1A3956D46DE8}") = "PracticeModule", "PracticeModule", "{11212E98-8FB3-4AA2-A285-7DA1C886D168}"
EndProject
Project("{2150E333-8FDC-42A3-9474-1A3956D46DE8}") = "DeanModule", "DeanModule", "{C8DB432F-8C5F-478A-A1A6-C0E3378458F0}"
EndProject
Project("{2150E333-8FDC-42A3-9474-1A3956D46DE8}") = "SelectionModule", "SelectionModule", "{B416D439-0FE3-41A6-BB6E-D85FA15E1B2D}"
EndProject
Project("{2150E333-8FDC-42A3-9474-1A3956D46DE8}") = "DocumentModule", "DocumentModule", "{05386721-10A8-4CB8-9A94-3C0A07FE1D6D}"
EndProject
Project("{2150E333-8FDC-42A3-9474-1A3956D46DE8}") = "NotificationModule", "NotificationModule", "{FF87A8B7-DE35-4BBC-8077-FECB09DE4446}"
EndProject
Project("{2150E333-8FDC-42A3-9474-1A3956D46DE8}") = "Shared", "Shared", "{B2693D18-F1B0-44FC-8E05-A2A96757416F}"
EndProject
Project("{FAE04EC0-301F-11D3-BF4B-00C04F79EFBC}") = "Shared.Contracts", "Shared.Contracts\Shared.Contracts.csproj", "{860945F4-E99A-48B9-BF76-1A4F27295E74}"
EndProject
Project("{FAE04EC0-301F-11D3-BF4B-00C04F79EFBC}") = "Shared.Domain", "Shared.Domain\Shared.Domain.csproj", "{8D37BDF5-49E1-415D-9C8E-6584BD2F216D}"
EndProject
Project("{FAE04EC0-301F-11D3-BF4B-00C04F79EFBC}") = "Shared.Persistence", "Shared.Persistence\Shared.Persistence.csproj", "{3F37B5F7-65B4-4E30-AE22-5934E24F4C0E}"
EndProject
Project("{FAE04EC0-301F-11D3-BF4B-00C04F79EFBC}") = "Shared.Extensions", "Shared.Extensions\Shared.Extensions.csproj", "{493A7638-B82C-4382-87FD-315B0C07C28E}"
EndProject
Project("{FAE04EC0-301F-11D3-BF4B-00C04F79EFBC}") = "DocumentModule.Domain", "DocumentModule.Domain\DocumentModule.Domain.csproj", "{02170407-6A8F-4BF5-A7EF-5AB2212AFF3F}"
EndProject
Project("{FAE04EC0-301F-11D3-BF4B-00C04F79EFBC}") = "DocumentModule.Infrastructure", "DocumentModule.Infrastructure\DocumentModule.Infrastructure.csproj", "{1202C5ED-2AFE-4FDC-A6DF-FA8A399DD1D8}"
EndProject
Project("{FAE04EC0-301F-11D3-BF4B-00C04F79EFBC}") = "DocumentModule.Persistence", "DocumentModule.Persistence\DocumentModule.Persistence.csproj", "{D76513BF-5A8C-487C-981B-1EE5D7F34B15}"
EndProject
Project("{FAE04EC0-301F-11D3-BF4B-00C04F79EFBC}") = "DocumentModule.Controllers", "DocumentModule.Controllers\DocumentModule.Controllers.csproj", "{522D5251-0D8D-45F0-A457-1F1082C84DF5}"
EndProject
Project("{FAE04EC0-301F-11D3-BF4B-00C04F79EFBC}") = "DocumentModule.Contracts", "DocumentModule.Contracts\DocumentModule.Contracts.csproj", "{077CDD3D-A163-4BB6-92D7-A409DD0192E3}"
EndProject
Project("{FAE04EC0-301F-11D3-BF4B-00C04F79EFBC}") = "DocumentModule.Application", "DocumentModule.Application\DocumentModule.Application.csproj", "{191BEA05-84CD-40E8-AA2E-2587F3D58215}"
EndProject
Project("{FAE04EC0-301F-11D3-BF4B-00C04F79EFBC}") = "DeanModule.Domain", "DeanModule.Domain\DeanModule.Domain.csproj", "{CE66B914-D452-4AB3-AFC1-B5A14F9B73C0}"
EndProject
Project("{FAE04EC0-301F-11D3-BF4B-00C04F79EFBC}") = "DeanModule.Infrastructure", "DeanModule.Infrastructure\DeanModule.Infrastructure.csproj", "{7EDD2B20-B6D4-418C-8936-F904206BB4E5}"
EndProject
Project("{FAE04EC0-301F-11D3-BF4B-00C04F79EFBC}") = "DeanModule.Persistence", "DeanModule.Persistence\DeanModule.Persistence.csproj", "{27EA7835-D85F-4089-AA03-7CFD59C8E0B4}"
EndProject
Project("{FAE04EC0-301F-11D3-BF4B-00C04F79EFBC}") = "DeanModule.Controllers", "DeanModule.Controllers\DeanModule.Controllers.csproj", "{02D50666-3CBC-448F-AA10-BC1EFA0E5C67}"
EndProject
Project("{FAE04EC0-301F-11D3-BF4B-00C04F79EFBC}") = "DeanModule.Application", "DeanModule.Application\DeanModule.Application.csproj", "{DD975F00-1A8D-4FBA-B500-0A7C95D7759D}"
EndProject
Project("{FAE04EC0-301F-11D3-BF4B-00C04F79EFBC}") = "DeanModule.Contracts", "DeanModule.Contracts\DeanModule.Contracts.csproj", "{E2AC73DE-B9B8-4FD0-9811-E99E55DF3995}"
EndProject
Project("{FAE04EC0-301F-11D3-BF4B-00C04F79EFBC}") = "UserModule.Domain", "UserModule.Domain\UserModule.Domain.csproj", "{3C7F7AB3-B702-43AB-834F-504BF1178403}"
EndProject
Project("{FAE04EC0-301F-11D3-BF4B-00C04F79EFBC}") = "UserModule.Infrastructure", "UserModule.Infrastructure\UserModule.Infrastructure.csproj", "{F8336E07-DB82-4D33-B690-DD476F3E49FA}"
EndProject
Project("{FAE04EC0-301F-11D3-BF4B-00C04F79EFBC}") = "UserModule.Persistence", "UserModule.Persistence\UserModule.Persistence.csproj", "{BC4F73B0-F5B9-47B7-8280-A8256C90DD07}"
EndProject
Project("{FAE04EC0-301F-11D3-BF4B-00C04F79EFBC}") = "UserModule.Controllers", "UserModule.Controllers\UserModule.Controllers.csproj", "{EA8763B2-90ED-4893-9340-31BE5A9264E8}"
EndProject
Project("{FAE04EC0-301F-11D3-BF4B-00C04F79EFBC}") = "UserModule.Contracts", "UserModule.Contracts\UserModule.Contracts.csproj", "{4E9DB538-4314-4099-B541-07E4BDF52965}"
EndProject
Project("{FAE04EC0-301F-11D3-BF4B-00C04F79EFBC}") = "UserModule.Application", "UserModule.Application\UserModule.Application.csproj", "{270E2351-0A49-40E0-9BCD-8EB0C715E9F7}"
EndProject
Project("{FAE04EC0-301F-11D3-BF4B-00C04F79EFBC}") = "SelectionModule.Contracts", "SelectionModule.Contracts\SelectionModule.Contracts.csproj", "{499CC131-B94D-4846-BBA2-27713901675E}"
EndProject
Project("{FAE04EC0-301F-11D3-BF4B-00C04F79EFBC}") = "SelectionModule.Persistence", "SelectionModule.Persistence\SelectionModule.Persistence.csproj", "{0E70F7D3-6E9E-4C79-BFAE-F2B3ACCA9931}"
EndProject
Project("{FAE04EC0-301F-11D3-BF4B-00C04F79EFBC}") = "SelectionModule.Infrastructure", "SelectionModule.Infrastructure\SelectionModule.Infrastructure.csproj", "{99D7385F-C41D-4A6B-B9E6-70E4CC87E44F}"
EndProject
Project("{FAE04EC0-301F-11D3-BF4B-00C04F79EFBC}") = "SelectionModule.Domain", "SelectionModule.Domain\SelectionModule.Domain.csproj", "{993A7A14-5629-4AC3-98BE-CC4511758DED}"
EndProject
Project("{FAE04EC0-301F-11D3-BF4B-00C04F79EFBC}") = "SelectionModule.Application", "SelectionModule.Application\SelectionModule.Application.csproj", "{F4D68BDB-6C91-448E-AFEA-0B46DFC9DC12}"
EndProject
Project("{FAE04EC0-301F-11D3-BF4B-00C04F79EFBC}") = "SelectionModule.Controllers", "SelectionModule.Controllers\SelectionModule.Controllers.csproj", "{5FD004E8-F814-49B0-90B1-0724D4B4C0D6}"
EndProject
Project("{2150E333-8FDC-42A3-9474-1A3956D46DE8}") = "DictionaryModule", "DictionaryModule", "{1D7AB845-9D22-4D4D-906C-C920FE98D907}"
EndProject
Project("{FAE04EC0-301F-11D3-BF4B-00C04F79EFBC}") = "CompanyModule.Domain", "CompanyModule.Domain\CompanyModule.Domain.csproj", "{998DDD9D-AF16-4C35-988A-095CB64EF71C}"
EndProject
Project("{FAE04EC0-301F-11D3-BF4B-00C04F79EFBC}") = "CompanyModule.Infrastructure", "CompanyModule.Infrastructure\CompanyModule.Infrastructure.csproj", "{37D226F7-FD20-4835-8180-CCB2CF710DB0}"
EndProject
Project("{FAE04EC0-301F-11D3-BF4B-00C04F79EFBC}") = "CompanyModule.Controllers", "CompanyModule.Controllers\CompanyModule.Controllers.csproj", "{9675204C-E6CA-4686-AEB9-AE998AC95E8C}"
EndProject
Project("{FAE04EC0-301F-11D3-BF4B-00C04F79EFBC}") = "CompanyModule.Persistence", "CompanyModule.Persistence\CompanyModule.Persistence.csproj", "{917C78FE-6FFE-4895-907C-00C86C8435B4}"
EndProject
Project("{FAE04EC0-301F-11D3-BF4B-00C04F79EFBC}") = "CompanyModule.Contracts", "CompanyModule.Contracts\CompanyModule.Contracts.csproj", "{B05D7306-A172-44C8-8AF5-D254DF80624E}"
EndProject
Project("{FAE04EC0-301F-11D3-BF4B-00C04F79EFBC}") = "CompanyModule.Application", "CompanyModule.Application\CompanyModule.Application.csproj", "{96D0634F-0C62-4FA8-A32A-D40B891E7271}"
EndProject
Project("{FAE04EC0-301F-11D3-BF4B-00C04F79EFBC}") = "AuthModule.Controlllers", "AuthModule.Controlllers\AuthModule.Controlllers.csproj", "{BC958A85-E760-405B-BF05-5DED63487518}"
EndProject
Project("{FAE04EC0-301F-11D3-BF4B-00C04F79EFBC}") = "AuthModule.Infrastructure", "AuthModule.Infrastructure\AuthModule.Infrastructure.csproj", "{E59F5F8E-5616-44BB-9DF3-87C2B6F97858}"
EndProject
Project("{FAE04EC0-301F-11D3-BF4B-00C04F79EFBC}") = "AuthModule.Domain", "AuthModule.Domain\AuthModule.Domain.csproj", "{6C18CCD4-5DE5-47AB-B1C5-A8F6AFE7DC56}"
EndProject
Project("{FAE04EC0-301F-11D3-BF4B-00C04F79EFBC}") = "AuthModule.Application", "AuthModule.Application\AuthModule.Application.csproj", "{D68BD847-8A60-451E-BA00-150C8D49687A}"
EndProject
Project("{FAE04EC0-301F-11D3-BF4B-00C04F79EFBC}") = "AuthModule.Contracts", "AuthModule.Contracts\AuthModule.Contracts.csproj", "{3DF37832-24B6-4080-9642-FF568F7C1491}"
EndProject
Project("{FAE04EC0-301F-11D3-BF4B-00C04F79EFBC}") = "StudentModule.Application", "StudentModule.Application\StudentModule.Application.csproj", "{AE2BB6E1-E80A-4C76-B306-A9D510AB4617}"
EndProject
Project("{FAE04EC0-301F-11D3-BF4B-00C04F79EFBC}") = "StudentModule.Contracts", "StudentModule.Contracts\StudentModule.Contracts.csproj", "{0E69D567-486C-427A-A986-48498BD616AD}"
EndProject
Project("{FAE04EC0-301F-11D3-BF4B-00C04F79EFBC}") = "StudentModule.Controllers", "StudentModule.Controllers\StudentModule.Controllers.csproj", "{AF5D3BC2-5CE3-4615-B88A-5BEC80512126}"
EndProject
Project("{FAE04EC0-301F-11D3-BF4B-00C04F79EFBC}") = "StudentModule.Domain", "StudentModule.Domain\StudentModule.Domain.csproj", "{B6A35A55-DA9C-4260-944C-591388B30913}"
EndProject
Project("{FAE04EC0-301F-11D3-BF4B-00C04F79EFBC}") = "StudentModule.Infrastructure", "StudentModule.Infrastructure\StudentModule.Infrastructure.csproj", "{D813EC1C-13CF-4018-B0ED-E7656B9EED39}"
EndProject
Project("{FAE04EC0-301F-11D3-BF4B-00C04F79EFBC}") = "StudentModule.Persistence", "StudentModule.Persistence\StudentModule.Persistence.csproj", "{C2A4CE1F-5701-4467-8C15-C4F6DBA217AC}"
EndProject
Project("{FAE04EC0-301F-11D3-BF4B-00C04F79EFBC}") = "PracticeModule.Application", "PracticeModule.Application\PracticeModule.Application.csproj", "{FF82F09E-7782-49BF-B2E1-6245242E6CC3}"
EndProject
Project("{FAE04EC0-301F-11D3-BF4B-00C04F79EFBC}") = "PracticeModule.Contracts", "PracticeModule.Contracts\PracticeModule.Contracts.csproj", "{085A3772-F7B8-479B-98E2-7C0A89E6744F}"
EndProject
Project("{FAE04EC0-301F-11D3-BF4B-00C04F79EFBC}") = "PracticeModule.Controllers", "PracticeModule.Controllers\PracticeModule.Controllers.csproj", "{7BC7739C-441A-41D8-97CD-5193FF51786D}"
EndProject
Project("{FAE04EC0-301F-11D3-BF4B-00C04F79EFBC}") = "PracticeModule.Domain", "PracticeModule.Domain\PracticeModule.Domain.csproj", "{9DE87D10-2935-4A87-9817-EE6A71B25435}"
EndProject
Project("{FAE04EC0-301F-11D3-BF4B-00C04F79EFBC}") = "PracticeModule.Infrastructure", "PracticeModule.Infrastructure\PracticeModule.Infrastructure.csproj", "{EA549746-2269-4AF9-B8CB-369F45D83F0C}"
EndProject
Project("{2150E333-8FDC-42A3-9474-1A3956D46DE8}") = "AppSettingsModule", "AppSettingsModule", "{36D591C7-65C7-A0D1-1CBC-10CDE441BDC8}"
EndProject
Project("{FAE04EC0-301F-11D3-BF4B-00C04F79EFBC}") = "AppSettingsModule.Application", "AppSettingsModule.Application\AppSettingsModule.Application.csproj", "{6FB541FC-A46F-4190-8E3A-9CF6D3AD27F2}"
EndProject
Project("{FAE04EC0-301F-11D3-BF4B-00C04F79EFBC}") = "AppSettingsModule.Contracts", "AppSettingsModule.Contracts\AppSettingsModule.Contracts.csproj", "{7ED95C44-F920-4656-998D-9BE30ACD2CFF}"
EndProject
Project("{FAE04EC0-301F-11D3-BF4B-00C04F79EFBC}") = "AppSettingsModule.Controllers", "AppSettingsModule.Controllers\AppSettingsModule.Controllers.csproj", "{A80D901D-7C7D-4612-AD81-D18B686ECD46}"
EndProject
Project("{FAE04EC0-301F-11D3-BF4B-00C04F79EFBC}") = "AppSettingsModule.Domain", "AppSettingsModule.Domain\AppSettingsModule.Domain.csproj", "{08075DC1-82DD-4EDF-8DA5-7D660C254BDC}"
EndProject
Project("{FAE04EC0-301F-11D3-BF4B-00C04F79EFBC}") = "AppSettingsModule.Infrastructure", "AppSettingsModule.Infrastructure\AppSettingsModule.Infrastructure.csproj", "{6122C9C3-8490-4AF1-AC1A-E8A0E124FA33}"
EndProject
Project("{FAE04EC0-301F-11D3-BF4B-00C04F79EFBC}") = "AppSettingsModule.Persistence", "AppSettingsModule.Persistence\AppSettingsModule.Persistence.csproj", "{82512A97-9FB4-4CD6-A8B7-3C2EA1E9E198}"
EndProject
Project("{FAE04EC0-301F-11D3-BF4B-00C04F79EFBC}") = "NotificationModule.Domain", "NotificationModule.Domain\NotificationModule.Domain.csproj", "{2F3B7D44-ECE8-456D-A784-59BD4B907774}"
EndProject
Project("{FAE04EC0-301F-11D3-BF4B-00C04F79EFBC}") = "NotificationModule.Contracts", "NotificationModule.Contracts\NotificationModule.Contracts.csproj", "{8FA2B022-8774-4D0A-8FE0-A13F5682758E}"
EndProject
Project("{FAE04EC0-301F-11D3-BF4B-00C04F79EFBC}") = "NotificationModule.Kafka", "NotificationModule.Kafka\NotificationModule.Kafka.csproj", "{423ABEBE-DEF2-47F0-9119-94787A8D685F}"
EndProject
Project("{FAE04EC0-301F-11D3-BF4B-00C04F79EFBC}") = "NotificationModule.Persistence", "NotificationModule.Persistence\NotificationModule.Persistence.csproj", "{29B026FC-82E2-48B4-BB8E-A08D3B7A2D0A}"
EndProject
Project("{FAE04EC0-301F-11D3-BF4B-00C04F79EFBC}") = "NotificationModule.Infrastructure", "NotificationModule.Infrastructure\NotificationModule.Infrastructure.csproj", "{CA7841E4-4E5E-442D-A3BC-1095D9EC52A4}"
EndProject
Project("{FAE04EC0-301F-11D3-BF4B-00C04F79EFBC}") = "NotificationService.Application", "NotificationService.Application\NotificationService.Application.csproj", "{42EEDD9C-6467-45FB-986B-B25AB83EBC93}"
EndProject
Global
	GlobalSection(SolutionConfigurationPlatforms) = preSolution
		Debug|Any CPU = Debug|Any CPU
		Release|Any CPU = Release|Any CPU
	EndGlobalSection
	GlobalSection(ProjectConfigurationPlatforms) = postSolution
		{C299AA5A-1050-4822-A352-A006AAF1B51A}.Debug|Any CPU.ActiveCfg = Debug|Any CPU
		{C299AA5A-1050-4822-A352-A006AAF1B51A}.Debug|Any CPU.Build.0 = Debug|Any CPU
		{C299AA5A-1050-4822-A352-A006AAF1B51A}.Release|Any CPU.ActiveCfg = Release|Any CPU
		{C299AA5A-1050-4822-A352-A006AAF1B51A}.Release|Any CPU.Build.0 = Release|Any CPU
		{860945F4-E99A-48B9-BF76-1A4F27295E74}.Debug|Any CPU.ActiveCfg = Debug|Any CPU
		{860945F4-E99A-48B9-BF76-1A4F27295E74}.Debug|Any CPU.Build.0 = Debug|Any CPU
		{860945F4-E99A-48B9-BF76-1A4F27295E74}.Release|Any CPU.ActiveCfg = Release|Any CPU
		{860945F4-E99A-48B9-BF76-1A4F27295E74}.Release|Any CPU.Build.0 = Release|Any CPU
		{8D37BDF5-49E1-415D-9C8E-6584BD2F216D}.Debug|Any CPU.ActiveCfg = Debug|Any CPU
		{8D37BDF5-49E1-415D-9C8E-6584BD2F216D}.Debug|Any CPU.Build.0 = Debug|Any CPU
		{8D37BDF5-49E1-415D-9C8E-6584BD2F216D}.Release|Any CPU.ActiveCfg = Release|Any CPU
		{8D37BDF5-49E1-415D-9C8E-6584BD2F216D}.Release|Any CPU.Build.0 = Release|Any CPU
		{3F37B5F7-65B4-4E30-AE22-5934E24F4C0E}.Debug|Any CPU.ActiveCfg = Debug|Any CPU
		{3F37B5F7-65B4-4E30-AE22-5934E24F4C0E}.Debug|Any CPU.Build.0 = Debug|Any CPU
		{3F37B5F7-65B4-4E30-AE22-5934E24F4C0E}.Release|Any CPU.ActiveCfg = Release|Any CPU
		{3F37B5F7-65B4-4E30-AE22-5934E24F4C0E}.Release|Any CPU.Build.0 = Release|Any CPU
		{493A7638-B82C-4382-87FD-315B0C07C28E}.Debug|Any CPU.ActiveCfg = Debug|Any CPU
		{493A7638-B82C-4382-87FD-315B0C07C28E}.Debug|Any CPU.Build.0 = Debug|Any CPU
		{493A7638-B82C-4382-87FD-315B0C07C28E}.Release|Any CPU.ActiveCfg = Release|Any CPU
		{493A7638-B82C-4382-87FD-315B0C07C28E}.Release|Any CPU.Build.0 = Release|Any CPU
		{02170407-6A8F-4BF5-A7EF-5AB2212AFF3F}.Debug|Any CPU.ActiveCfg = Debug|Any CPU
		{02170407-6A8F-4BF5-A7EF-5AB2212AFF3F}.Debug|Any CPU.Build.0 = Debug|Any CPU
		{02170407-6A8F-4BF5-A7EF-5AB2212AFF3F}.Release|Any CPU.ActiveCfg = Release|Any CPU
		{02170407-6A8F-4BF5-A7EF-5AB2212AFF3F}.Release|Any CPU.Build.0 = Release|Any CPU
		{1202C5ED-2AFE-4FDC-A6DF-FA8A399DD1D8}.Debug|Any CPU.ActiveCfg = Debug|Any CPU
		{1202C5ED-2AFE-4FDC-A6DF-FA8A399DD1D8}.Debug|Any CPU.Build.0 = Debug|Any CPU
		{1202C5ED-2AFE-4FDC-A6DF-FA8A399DD1D8}.Release|Any CPU.ActiveCfg = Release|Any CPU
		{1202C5ED-2AFE-4FDC-A6DF-FA8A399DD1D8}.Release|Any CPU.Build.0 = Release|Any CPU
		{D76513BF-5A8C-487C-981B-1EE5D7F34B15}.Debug|Any CPU.ActiveCfg = Debug|Any CPU
		{D76513BF-5A8C-487C-981B-1EE5D7F34B15}.Debug|Any CPU.Build.0 = Debug|Any CPU
		{D76513BF-5A8C-487C-981B-1EE5D7F34B15}.Release|Any CPU.ActiveCfg = Release|Any CPU
		{D76513BF-5A8C-487C-981B-1EE5D7F34B15}.Release|Any CPU.Build.0 = Release|Any CPU
		{522D5251-0D8D-45F0-A457-1F1082C84DF5}.Debug|Any CPU.ActiveCfg = Debug|Any CPU
		{522D5251-0D8D-45F0-A457-1F1082C84DF5}.Debug|Any CPU.Build.0 = Debug|Any CPU
		{522D5251-0D8D-45F0-A457-1F1082C84DF5}.Release|Any CPU.ActiveCfg = Release|Any CPU
		{522D5251-0D8D-45F0-A457-1F1082C84DF5}.Release|Any CPU.Build.0 = Release|Any CPU
		{077CDD3D-A163-4BB6-92D7-A409DD0192E3}.Debug|Any CPU.ActiveCfg = Debug|Any CPU
		{077CDD3D-A163-4BB6-92D7-A409DD0192E3}.Debug|Any CPU.Build.0 = Debug|Any CPU
		{077CDD3D-A163-4BB6-92D7-A409DD0192E3}.Release|Any CPU.ActiveCfg = Release|Any CPU
		{077CDD3D-A163-4BB6-92D7-A409DD0192E3}.Release|Any CPU.Build.0 = Release|Any CPU
		{191BEA05-84CD-40E8-AA2E-2587F3D58215}.Debug|Any CPU.ActiveCfg = Debug|Any CPU
		{191BEA05-84CD-40E8-AA2E-2587F3D58215}.Debug|Any CPU.Build.0 = Debug|Any CPU
		{191BEA05-84CD-40E8-AA2E-2587F3D58215}.Release|Any CPU.ActiveCfg = Release|Any CPU
		{191BEA05-84CD-40E8-AA2E-2587F3D58215}.Release|Any CPU.Build.0 = Release|Any CPU
		{CE66B914-D452-4AB3-AFC1-B5A14F9B73C0}.Debug|Any CPU.ActiveCfg = Debug|Any CPU
		{CE66B914-D452-4AB3-AFC1-B5A14F9B73C0}.Debug|Any CPU.Build.0 = Debug|Any CPU
		{CE66B914-D452-4AB3-AFC1-B5A14F9B73C0}.Release|Any CPU.ActiveCfg = Release|Any CPU
		{CE66B914-D452-4AB3-AFC1-B5A14F9B73C0}.Release|Any CPU.Build.0 = Release|Any CPU
		{7EDD2B20-B6D4-418C-8936-F904206BB4E5}.Debug|Any CPU.ActiveCfg = Debug|Any CPU
		{7EDD2B20-B6D4-418C-8936-F904206BB4E5}.Debug|Any CPU.Build.0 = Debug|Any CPU
		{7EDD2B20-B6D4-418C-8936-F904206BB4E5}.Release|Any CPU.ActiveCfg = Release|Any CPU
		{7EDD2B20-B6D4-418C-8936-F904206BB4E5}.Release|Any CPU.Build.0 = Release|Any CPU
		{27EA7835-D85F-4089-AA03-7CFD59C8E0B4}.Debug|Any CPU.ActiveCfg = Debug|Any CPU
		{27EA7835-D85F-4089-AA03-7CFD59C8E0B4}.Debug|Any CPU.Build.0 = Debug|Any CPU
		{27EA7835-D85F-4089-AA03-7CFD59C8E0B4}.Release|Any CPU.ActiveCfg = Release|Any CPU
		{27EA7835-D85F-4089-AA03-7CFD59C8E0B4}.Release|Any CPU.Build.0 = Release|Any CPU
		{02D50666-3CBC-448F-AA10-BC1EFA0E5C67}.Debug|Any CPU.ActiveCfg = Debug|Any CPU
		{02D50666-3CBC-448F-AA10-BC1EFA0E5C67}.Debug|Any CPU.Build.0 = Debug|Any CPU
		{02D50666-3CBC-448F-AA10-BC1EFA0E5C67}.Release|Any CPU.ActiveCfg = Release|Any CPU
		{02D50666-3CBC-448F-AA10-BC1EFA0E5C67}.Release|Any CPU.Build.0 = Release|Any CPU
		{DD975F00-1A8D-4FBA-B500-0A7C95D7759D}.Debug|Any CPU.ActiveCfg = Debug|Any CPU
		{DD975F00-1A8D-4FBA-B500-0A7C95D7759D}.Debug|Any CPU.Build.0 = Debug|Any CPU
		{DD975F00-1A8D-4FBA-B500-0A7C95D7759D}.Release|Any CPU.ActiveCfg = Release|Any CPU
		{DD975F00-1A8D-4FBA-B500-0A7C95D7759D}.Release|Any CPU.Build.0 = Release|Any CPU
		{E2AC73DE-B9B8-4FD0-9811-E99E55DF3995}.Debug|Any CPU.ActiveCfg = Debug|Any CPU
		{E2AC73DE-B9B8-4FD0-9811-E99E55DF3995}.Debug|Any CPU.Build.0 = Debug|Any CPU
		{E2AC73DE-B9B8-4FD0-9811-E99E55DF3995}.Release|Any CPU.ActiveCfg = Release|Any CPU
		{E2AC73DE-B9B8-4FD0-9811-E99E55DF3995}.Release|Any CPU.Build.0 = Release|Any CPU
		{3C7F7AB3-B702-43AB-834F-504BF1178403}.Debug|Any CPU.ActiveCfg = Debug|Any CPU
		{3C7F7AB3-B702-43AB-834F-504BF1178403}.Debug|Any CPU.Build.0 = Debug|Any CPU
		{3C7F7AB3-B702-43AB-834F-504BF1178403}.Release|Any CPU.ActiveCfg = Release|Any CPU
		{3C7F7AB3-B702-43AB-834F-504BF1178403}.Release|Any CPU.Build.0 = Release|Any CPU
		{F8336E07-DB82-4D33-B690-DD476F3E49FA}.Debug|Any CPU.ActiveCfg = Debug|Any CPU
		{F8336E07-DB82-4D33-B690-DD476F3E49FA}.Debug|Any CPU.Build.0 = Debug|Any CPU
		{F8336E07-DB82-4D33-B690-DD476F3E49FA}.Release|Any CPU.ActiveCfg = Release|Any CPU
		{F8336E07-DB82-4D33-B690-DD476F3E49FA}.Release|Any CPU.Build.0 = Release|Any CPU
		{BC4F73B0-F5B9-47B7-8280-A8256C90DD07}.Debug|Any CPU.ActiveCfg = Debug|Any CPU
		{BC4F73B0-F5B9-47B7-8280-A8256C90DD07}.Debug|Any CPU.Build.0 = Debug|Any CPU
		{BC4F73B0-F5B9-47B7-8280-A8256C90DD07}.Release|Any CPU.ActiveCfg = Release|Any CPU
		{BC4F73B0-F5B9-47B7-8280-A8256C90DD07}.Release|Any CPU.Build.0 = Release|Any CPU
		{EA8763B2-90ED-4893-9340-31BE5A9264E8}.Debug|Any CPU.ActiveCfg = Debug|Any CPU
		{EA8763B2-90ED-4893-9340-31BE5A9264E8}.Debug|Any CPU.Build.0 = Debug|Any CPU
		{EA8763B2-90ED-4893-9340-31BE5A9264E8}.Release|Any CPU.ActiveCfg = Release|Any CPU
		{EA8763B2-90ED-4893-9340-31BE5A9264E8}.Release|Any CPU.Build.0 = Release|Any CPU
		{4E9DB538-4314-4099-B541-07E4BDF52965}.Debug|Any CPU.ActiveCfg = Debug|Any CPU
		{4E9DB538-4314-4099-B541-07E4BDF52965}.Debug|Any CPU.Build.0 = Debug|Any CPU
		{4E9DB538-4314-4099-B541-07E4BDF52965}.Release|Any CPU.ActiveCfg = Release|Any CPU
		{4E9DB538-4314-4099-B541-07E4BDF52965}.Release|Any CPU.Build.0 = Release|Any CPU
		{270E2351-0A49-40E0-9BCD-8EB0C715E9F7}.Debug|Any CPU.ActiveCfg = Debug|Any CPU
		{270E2351-0A49-40E0-9BCD-8EB0C715E9F7}.Debug|Any CPU.Build.0 = Debug|Any CPU
		{270E2351-0A49-40E0-9BCD-8EB0C715E9F7}.Release|Any CPU.ActiveCfg = Release|Any CPU
		{270E2351-0A49-40E0-9BCD-8EB0C715E9F7}.Release|Any CPU.Build.0 = Release|Any CPU
		{499CC131-B94D-4846-BBA2-27713901675E}.Debug|Any CPU.ActiveCfg = Debug|Any CPU
		{499CC131-B94D-4846-BBA2-27713901675E}.Debug|Any CPU.Build.0 = Debug|Any CPU
		{499CC131-B94D-4846-BBA2-27713901675E}.Release|Any CPU.ActiveCfg = Release|Any CPU
		{499CC131-B94D-4846-BBA2-27713901675E}.Release|Any CPU.Build.0 = Release|Any CPU
		{0E70F7D3-6E9E-4C79-BFAE-F2B3ACCA9931}.Debug|Any CPU.ActiveCfg = Debug|Any CPU
		{0E70F7D3-6E9E-4C79-BFAE-F2B3ACCA9931}.Debug|Any CPU.Build.0 = Debug|Any CPU
		{0E70F7D3-6E9E-4C79-BFAE-F2B3ACCA9931}.Release|Any CPU.ActiveCfg = Release|Any CPU
		{0E70F7D3-6E9E-4C79-BFAE-F2B3ACCA9931}.Release|Any CPU.Build.0 = Release|Any CPU
		{99D7385F-C41D-4A6B-B9E6-70E4CC87E44F}.Debug|Any CPU.ActiveCfg = Debug|Any CPU
		{99D7385F-C41D-4A6B-B9E6-70E4CC87E44F}.Debug|Any CPU.Build.0 = Debug|Any CPU
		{99D7385F-C41D-4A6B-B9E6-70E4CC87E44F}.Release|Any CPU.ActiveCfg = Release|Any CPU
		{99D7385F-C41D-4A6B-B9E6-70E4CC87E44F}.Release|Any CPU.Build.0 = Release|Any CPU
		{993A7A14-5629-4AC3-98BE-CC4511758DED}.Debug|Any CPU.ActiveCfg = Debug|Any CPU
		{993A7A14-5629-4AC3-98BE-CC4511758DED}.Debug|Any CPU.Build.0 = Debug|Any CPU
		{993A7A14-5629-4AC3-98BE-CC4511758DED}.Release|Any CPU.ActiveCfg = Release|Any CPU
		{993A7A14-5629-4AC3-98BE-CC4511758DED}.Release|Any CPU.Build.0 = Release|Any CPU
		{F4D68BDB-6C91-448E-AFEA-0B46DFC9DC12}.Debug|Any CPU.ActiveCfg = Debug|Any CPU
		{F4D68BDB-6C91-448E-AFEA-0B46DFC9DC12}.Debug|Any CPU.Build.0 = Debug|Any CPU
		{F4D68BDB-6C91-448E-AFEA-0B46DFC9DC12}.Release|Any CPU.ActiveCfg = Release|Any CPU
		{F4D68BDB-6C91-448E-AFEA-0B46DFC9DC12}.Release|Any CPU.Build.0 = Release|Any CPU
		{5FD004E8-F814-49B0-90B1-0724D4B4C0D6}.Debug|Any CPU.ActiveCfg = Debug|Any CPU
		{5FD004E8-F814-49B0-90B1-0724D4B4C0D6}.Debug|Any CPU.Build.0 = Debug|Any CPU
		{5FD004E8-F814-49B0-90B1-0724D4B4C0D6}.Release|Any CPU.ActiveCfg = Release|Any CPU
		{5FD004E8-F814-49B0-90B1-0724D4B4C0D6}.Release|Any CPU.Build.0 = Release|Any CPU
		{998DDD9D-AF16-4C35-988A-095CB64EF71C}.Debug|Any CPU.ActiveCfg = Debug|Any CPU
		{998DDD9D-AF16-4C35-988A-095CB64EF71C}.Debug|Any CPU.Build.0 = Debug|Any CPU
		{998DDD9D-AF16-4C35-988A-095CB64EF71C}.Release|Any CPU.ActiveCfg = Release|Any CPU
		{998DDD9D-AF16-4C35-988A-095CB64EF71C}.Release|Any CPU.Build.0 = Release|Any CPU
		{37D226F7-FD20-4835-8180-CCB2CF710DB0}.Debug|Any CPU.ActiveCfg = Debug|Any CPU
		{37D226F7-FD20-4835-8180-CCB2CF710DB0}.Debug|Any CPU.Build.0 = Debug|Any CPU
		{37D226F7-FD20-4835-8180-CCB2CF710DB0}.Release|Any CPU.ActiveCfg = Release|Any CPU
		{37D226F7-FD20-4835-8180-CCB2CF710DB0}.Release|Any CPU.Build.0 = Release|Any CPU
		{9675204C-E6CA-4686-AEB9-AE998AC95E8C}.Debug|Any CPU.ActiveCfg = Debug|Any CPU
		{9675204C-E6CA-4686-AEB9-AE998AC95E8C}.Debug|Any CPU.Build.0 = Debug|Any CPU
		{9675204C-E6CA-4686-AEB9-AE998AC95E8C}.Release|Any CPU.ActiveCfg = Release|Any CPU
		{9675204C-E6CA-4686-AEB9-AE998AC95E8C}.Release|Any CPU.Build.0 = Release|Any CPU
		{917C78FE-6FFE-4895-907C-00C86C8435B4}.Debug|Any CPU.ActiveCfg = Debug|Any CPU
		{917C78FE-6FFE-4895-907C-00C86C8435B4}.Debug|Any CPU.Build.0 = Debug|Any CPU
		{917C78FE-6FFE-4895-907C-00C86C8435B4}.Release|Any CPU.ActiveCfg = Release|Any CPU
		{917C78FE-6FFE-4895-907C-00C86C8435B4}.Release|Any CPU.Build.0 = Release|Any CPU
		{B05D7306-A172-44C8-8AF5-D254DF80624E}.Debug|Any CPU.ActiveCfg = Debug|Any CPU
		{B05D7306-A172-44C8-8AF5-D254DF80624E}.Debug|Any CPU.Build.0 = Debug|Any CPU
		{B05D7306-A172-44C8-8AF5-D254DF80624E}.Release|Any CPU.ActiveCfg = Release|Any CPU
		{B05D7306-A172-44C8-8AF5-D254DF80624E}.Release|Any CPU.Build.0 = Release|Any CPU
		{96D0634F-0C62-4FA8-A32A-D40B891E7271}.Debug|Any CPU.ActiveCfg = Debug|Any CPU
		{96D0634F-0C62-4FA8-A32A-D40B891E7271}.Debug|Any CPU.Build.0 = Debug|Any CPU
		{96D0634F-0C62-4FA8-A32A-D40B891E7271}.Release|Any CPU.ActiveCfg = Release|Any CPU
		{96D0634F-0C62-4FA8-A32A-D40B891E7271}.Release|Any CPU.Build.0 = Release|Any CPU
		{BC958A85-E760-405B-BF05-5DED63487518}.Debug|Any CPU.ActiveCfg = Debug|Any CPU
		{BC958A85-E760-405B-BF05-5DED63487518}.Debug|Any CPU.Build.0 = Debug|Any CPU
		{BC958A85-E760-405B-BF05-5DED63487518}.Release|Any CPU.ActiveCfg = Release|Any CPU
		{BC958A85-E760-405B-BF05-5DED63487518}.Release|Any CPU.Build.0 = Release|Any CPU
		{E59F5F8E-5616-44BB-9DF3-87C2B6F97858}.Debug|Any CPU.ActiveCfg = Debug|Any CPU
		{E59F5F8E-5616-44BB-9DF3-87C2B6F97858}.Debug|Any CPU.Build.0 = Debug|Any CPU
		{E59F5F8E-5616-44BB-9DF3-87C2B6F97858}.Release|Any CPU.ActiveCfg = Release|Any CPU
		{E59F5F8E-5616-44BB-9DF3-87C2B6F97858}.Release|Any CPU.Build.0 = Release|Any CPU
		{6C18CCD4-5DE5-47AB-B1C5-A8F6AFE7DC56}.Debug|Any CPU.ActiveCfg = Debug|Any CPU
		{6C18CCD4-5DE5-47AB-B1C5-A8F6AFE7DC56}.Debug|Any CPU.Build.0 = Debug|Any CPU
		{6C18CCD4-5DE5-47AB-B1C5-A8F6AFE7DC56}.Release|Any CPU.ActiveCfg = Release|Any CPU
		{6C18CCD4-5DE5-47AB-B1C5-A8F6AFE7DC56}.Release|Any CPU.Build.0 = Release|Any CPU
		{D68BD847-8A60-451E-BA00-150C8D49687A}.Debug|Any CPU.ActiveCfg = Debug|Any CPU
		{D68BD847-8A60-451E-BA00-150C8D49687A}.Debug|Any CPU.Build.0 = Debug|Any CPU
		{D68BD847-8A60-451E-BA00-150C8D49687A}.Release|Any CPU.ActiveCfg = Release|Any CPU
		{D68BD847-8A60-451E-BA00-150C8D49687A}.Release|Any CPU.Build.0 = Release|Any CPU
		{3DF37832-24B6-4080-9642-FF568F7C1491}.Debug|Any CPU.ActiveCfg = Debug|Any CPU
		{3DF37832-24B6-4080-9642-FF568F7C1491}.Debug|Any CPU.Build.0 = Debug|Any CPU
		{3DF37832-24B6-4080-9642-FF568F7C1491}.Release|Any CPU.ActiveCfg = Release|Any CPU
		{3DF37832-24B6-4080-9642-FF568F7C1491}.Release|Any CPU.Build.0 = Release|Any CPU
		{AE2BB6E1-E80A-4C76-B306-A9D510AB4617}.Debug|Any CPU.ActiveCfg = Debug|Any CPU
		{AE2BB6E1-E80A-4C76-B306-A9D510AB4617}.Debug|Any CPU.Build.0 = Debug|Any CPU
		{AE2BB6E1-E80A-4C76-B306-A9D510AB4617}.Release|Any CPU.ActiveCfg = Release|Any CPU
		{AE2BB6E1-E80A-4C76-B306-A9D510AB4617}.Release|Any CPU.Build.0 = Release|Any CPU
		{0E69D567-486C-427A-A986-48498BD616AD}.Debug|Any CPU.ActiveCfg = Debug|Any CPU
		{0E69D567-486C-427A-A986-48498BD616AD}.Debug|Any CPU.Build.0 = Debug|Any CPU
		{0E69D567-486C-427A-A986-48498BD616AD}.Release|Any CPU.ActiveCfg = Release|Any CPU
		{0E69D567-486C-427A-A986-48498BD616AD}.Release|Any CPU.Build.0 = Release|Any CPU
		{AF5D3BC2-5CE3-4615-B88A-5BEC80512126}.Debug|Any CPU.ActiveCfg = Debug|Any CPU
		{AF5D3BC2-5CE3-4615-B88A-5BEC80512126}.Debug|Any CPU.Build.0 = Debug|Any CPU
		{AF5D3BC2-5CE3-4615-B88A-5BEC80512126}.Release|Any CPU.ActiveCfg = Debug|Any CPU
		{B6A35A55-DA9C-4260-944C-591388B30913}.Debug|Any CPU.ActiveCfg = Debug|Any CPU
		{B6A35A55-DA9C-4260-944C-591388B30913}.Debug|Any CPU.Build.0 = Debug|Any CPU
		{B6A35A55-DA9C-4260-944C-591388B30913}.Release|Any CPU.ActiveCfg = Release|Any CPU
		{B6A35A55-DA9C-4260-944C-591388B30913}.Release|Any CPU.Build.0 = Release|Any CPU
		{D813EC1C-13CF-4018-B0ED-E7656B9EED39}.Debug|Any CPU.ActiveCfg = Debug|Any CPU
		{D813EC1C-13CF-4018-B0ED-E7656B9EED39}.Debug|Any CPU.Build.0 = Debug|Any CPU
		{D813EC1C-13CF-4018-B0ED-E7656B9EED39}.Release|Any CPU.ActiveCfg = Release|Any CPU
		{D813EC1C-13CF-4018-B0ED-E7656B9EED39}.Release|Any CPU.Build.0 = Release|Any CPU
		{C2A4CE1F-5701-4467-8C15-C4F6DBA217AC}.Debug|Any CPU.ActiveCfg = Debug|Any CPU
		{C2A4CE1F-5701-4467-8C15-C4F6DBA217AC}.Debug|Any CPU.Build.0 = Debug|Any CPU
		{C2A4CE1F-5701-4467-8C15-C4F6DBA217AC}.Release|Any CPU.ActiveCfg = Release|Any CPU
		{C2A4CE1F-5701-4467-8C15-C4F6DBA217AC}.Release|Any CPU.Build.0 = Release|Any CPU
		{FF82F09E-7782-49BF-B2E1-6245242E6CC3}.Debug|Any CPU.ActiveCfg = Debug|Any CPU
		{FF82F09E-7782-49BF-B2E1-6245242E6CC3}.Debug|Any CPU.Build.0 = Debug|Any CPU
		{FF82F09E-7782-49BF-B2E1-6245242E6CC3}.Release|Any CPU.ActiveCfg = Release|Any CPU
		{FF82F09E-7782-49BF-B2E1-6245242E6CC3}.Release|Any CPU.Build.0 = Release|Any CPU
		{085A3772-F7B8-479B-98E2-7C0A89E6744F}.Debug|Any CPU.ActiveCfg = Debug|Any CPU
		{085A3772-F7B8-479B-98E2-7C0A89E6744F}.Debug|Any CPU.Build.0 = Debug|Any CPU
		{085A3772-F7B8-479B-98E2-7C0A89E6744F}.Release|Any CPU.ActiveCfg = Release|Any CPU
		{085A3772-F7B8-479B-98E2-7C0A89E6744F}.Release|Any CPU.Build.0 = Release|Any CPU
		{7BC7739C-441A-41D8-97CD-5193FF51786D}.Debug|Any CPU.ActiveCfg = Debug|Any CPU
		{7BC7739C-441A-41D8-97CD-5193FF51786D}.Debug|Any CPU.Build.0 = Debug|Any CPU
		{7BC7739C-441A-41D8-97CD-5193FF51786D}.Release|Any CPU.ActiveCfg = Release|Any CPU
		{7BC7739C-441A-41D8-97CD-5193FF51786D}.Release|Any CPU.Build.0 = Release|Any CPU
		{9DE87D10-2935-4A87-9817-EE6A71B25435}.Debug|Any CPU.ActiveCfg = Debug|Any CPU
		{9DE87D10-2935-4A87-9817-EE6A71B25435}.Debug|Any CPU.Build.0 = Debug|Any CPU
		{9DE87D10-2935-4A87-9817-EE6A71B25435}.Release|Any CPU.ActiveCfg = Release|Any CPU
		{9DE87D10-2935-4A87-9817-EE6A71B25435}.Release|Any CPU.Build.0 = Release|Any CPU
		{EA549746-2269-4AF9-B8CB-369F45D83F0C}.Debug|Any CPU.ActiveCfg = Debug|Any CPU
		{EA549746-2269-4AF9-B8CB-369F45D83F0C}.Debug|Any CPU.Build.0 = Debug|Any CPU
		{EA549746-2269-4AF9-B8CB-369F45D83F0C}.Release|Any CPU.ActiveCfg = Release|Any CPU
		{EA549746-2269-4AF9-B8CB-369F45D83F0C}.Release|Any CPU.Build.0 = Release|Any CPU
		{6FB541FC-A46F-4190-8E3A-9CF6D3AD27F2}.Debug|Any CPU.ActiveCfg = Debug|Any CPU
		{6FB541FC-A46F-4190-8E3A-9CF6D3AD27F2}.Debug|Any CPU.Build.0 = Debug|Any CPU
		{6FB541FC-A46F-4190-8E3A-9CF6D3AD27F2}.Release|Any CPU.ActiveCfg = Release|Any CPU
		{6FB541FC-A46F-4190-8E3A-9CF6D3AD27F2}.Release|Any CPU.Build.0 = Release|Any CPU
		{7ED95C44-F920-4656-998D-9BE30ACD2CFF}.Debug|Any CPU.ActiveCfg = Debug|Any CPU
		{7ED95C44-F920-4656-998D-9BE30ACD2CFF}.Debug|Any CPU.Build.0 = Debug|Any CPU
		{7ED95C44-F920-4656-998D-9BE30ACD2CFF}.Release|Any CPU.ActiveCfg = Release|Any CPU
		{7ED95C44-F920-4656-998D-9BE30ACD2CFF}.Release|Any CPU.Build.0 = Release|Any CPU
		{A80D901D-7C7D-4612-AD81-D18B686ECD46}.Debug|Any CPU.ActiveCfg = Debug|Any CPU
		{A80D901D-7C7D-4612-AD81-D18B686ECD46}.Debug|Any CPU.Build.0 = Debug|Any CPU
		{A80D901D-7C7D-4612-AD81-D18B686ECD46}.Release|Any CPU.ActiveCfg = Release|Any CPU
		{A80D901D-7C7D-4612-AD81-D18B686ECD46}.Release|Any CPU.Build.0 = Release|Any CPU
		{08075DC1-82DD-4EDF-8DA5-7D660C254BDC}.Debug|Any CPU.ActiveCfg = Debug|Any CPU
		{08075DC1-82DD-4EDF-8DA5-7D660C254BDC}.Debug|Any CPU.Build.0 = Debug|Any CPU
		{08075DC1-82DD-4EDF-8DA5-7D660C254BDC}.Release|Any CPU.ActiveCfg = Release|Any CPU
		{08075DC1-82DD-4EDF-8DA5-7D660C254BDC}.Release|Any CPU.Build.0 = Release|Any CPU
		{6122C9C3-8490-4AF1-AC1A-E8A0E124FA33}.Debug|Any CPU.ActiveCfg = Debug|Any CPU
		{6122C9C3-8490-4AF1-AC1A-E8A0E124FA33}.Debug|Any CPU.Build.0 = Debug|Any CPU
		{6122C9C3-8490-4AF1-AC1A-E8A0E124FA33}.Release|Any CPU.ActiveCfg = Release|Any CPU
		{6122C9C3-8490-4AF1-AC1A-E8A0E124FA33}.Release|Any CPU.Build.0 = Release|Any CPU
		{82512A97-9FB4-4CD6-A8B7-3C2EA1E9E198}.Debug|Any CPU.ActiveCfg = Debug|Any CPU
		{82512A97-9FB4-4CD6-A8B7-3C2EA1E9E198}.Debug|Any CPU.Build.0 = Debug|Any CPU
		{82512A97-9FB4-4CD6-A8B7-3C2EA1E9E198}.Release|Any CPU.ActiveCfg = Release|Any CPU
		{82512A97-9FB4-4CD6-A8B7-3C2EA1E9E198}.Release|Any CPU.Build.0 = Release|Any CPU
		{2F3B7D44-ECE8-456D-A784-59BD4B907774}.Debug|Any CPU.ActiveCfg = Debug|Any CPU
		{2F3B7D44-ECE8-456D-A784-59BD4B907774}.Debug|Any CPU.Build.0 = Debug|Any CPU
		{2F3B7D44-ECE8-456D-A784-59BD4B907774}.Release|Any CPU.ActiveCfg = Release|Any CPU
		{2F3B7D44-ECE8-456D-A784-59BD4B907774}.Release|Any CPU.Build.0 = Release|Any CPU
		{8FA2B022-8774-4D0A-8FE0-A13F5682758E}.Debug|Any CPU.ActiveCfg = Debug|Any CPU
		{8FA2B022-8774-4D0A-8FE0-A13F5682758E}.Debug|Any CPU.Build.0 = Debug|Any CPU
		{8FA2B022-8774-4D0A-8FE0-A13F5682758E}.Release|Any CPU.ActiveCfg = Release|Any CPU
		{8FA2B022-8774-4D0A-8FE0-A13F5682758E}.Release|Any CPU.Build.0 = Release|Any CPU
		{423ABEBE-DEF2-47F0-9119-94787A8D685F}.Debug|Any CPU.ActiveCfg = Debug|Any CPU
		{423ABEBE-DEF2-47F0-9119-94787A8D685F}.Debug|Any CPU.Build.0 = Debug|Any CPU
		{423ABEBE-DEF2-47F0-9119-94787A8D685F}.Release|Any CPU.ActiveCfg = Release|Any CPU
		{423ABEBE-DEF2-47F0-9119-94787A8D685F}.Release|Any CPU.Build.0 = Release|Any CPU
		{29B026FC-82E2-48B4-BB8E-A08D3B7A2D0A}.Debug|Any CPU.ActiveCfg = Debug|Any CPU
		{29B026FC-82E2-48B4-BB8E-A08D3B7A2D0A}.Debug|Any CPU.Build.0 = Debug|Any CPU
		{29B026FC-82E2-48B4-BB8E-A08D3B7A2D0A}.Release|Any CPU.ActiveCfg = Release|Any CPU
		{29B026FC-82E2-48B4-BB8E-A08D3B7A2D0A}.Release|Any CPU.Build.0 = Release|Any CPU
		{CA7841E4-4E5E-442D-A3BC-1095D9EC52A4}.Debug|Any CPU.ActiveCfg = Debug|Any CPU
		{CA7841E4-4E5E-442D-A3BC-1095D9EC52A4}.Debug|Any CPU.Build.0 = Debug|Any CPU
		{CA7841E4-4E5E-442D-A3BC-1095D9EC52A4}.Release|Any CPU.ActiveCfg = Release|Any CPU
		{CA7841E4-4E5E-442D-A3BC-1095D9EC52A4}.Release|Any CPU.Build.0 = Release|Any CPU
		{42EEDD9C-6467-45FB-986B-B25AB83EBC93}.Debug|Any CPU.ActiveCfg = Debug|Any CPU
		{42EEDD9C-6467-45FB-986B-B25AB83EBC93}.Debug|Any CPU.Build.0 = Debug|Any CPU
		{42EEDD9C-6467-45FB-986B-B25AB83EBC93}.Release|Any CPU.ActiveCfg = Release|Any CPU
		{42EEDD9C-6467-45FB-986B-B25AB83EBC93}.Release|Any CPU.Build.0 = Release|Any CPU
	EndGlobalSection
	GlobalSection(SolutionProperties) = preSolution
		HideSolutionNode = FALSE
	EndGlobalSection
	GlobalSection(NestedProjects) = preSolution
		{860945F4-E99A-48B9-BF76-1A4F27295E74} = {B2693D18-F1B0-44FC-8E05-A2A96757416F}
		{8D37BDF5-49E1-415D-9C8E-6584BD2F216D} = {B2693D18-F1B0-44FC-8E05-A2A96757416F}
		{3F37B5F7-65B4-4E30-AE22-5934E24F4C0E} = {B2693D18-F1B0-44FC-8E05-A2A96757416F}
		{493A7638-B82C-4382-87FD-315B0C07C28E} = {B2693D18-F1B0-44FC-8E05-A2A96757416F}
		{02170407-6A8F-4BF5-A7EF-5AB2212AFF3F} = {05386721-10A8-4CB8-9A94-3C0A07FE1D6D}
		{1202C5ED-2AFE-4FDC-A6DF-FA8A399DD1D8} = {05386721-10A8-4CB8-9A94-3C0A07FE1D6D}
		{D76513BF-5A8C-487C-981B-1EE5D7F34B15} = {05386721-10A8-4CB8-9A94-3C0A07FE1D6D}
		{522D5251-0D8D-45F0-A457-1F1082C84DF5} = {05386721-10A8-4CB8-9A94-3C0A07FE1D6D}
		{077CDD3D-A163-4BB6-92D7-A409DD0192E3} = {05386721-10A8-4CB8-9A94-3C0A07FE1D6D}
		{191BEA05-84CD-40E8-AA2E-2587F3D58215} = {05386721-10A8-4CB8-9A94-3C0A07FE1D6D}
		{CE66B914-D452-4AB3-AFC1-B5A14F9B73C0} = {C8DB432F-8C5F-478A-A1A6-C0E3378458F0}
		{7EDD2B20-B6D4-418C-8936-F904206BB4E5} = {C8DB432F-8C5F-478A-A1A6-C0E3378458F0}
		{27EA7835-D85F-4089-AA03-7CFD59C8E0B4} = {C8DB432F-8C5F-478A-A1A6-C0E3378458F0}
		{02D50666-3CBC-448F-AA10-BC1EFA0E5C67} = {C8DB432F-8C5F-478A-A1A6-C0E3378458F0}
		{DD975F00-1A8D-4FBA-B500-0A7C95D7759D} = {C8DB432F-8C5F-478A-A1A6-C0E3378458F0}
		{E2AC73DE-B9B8-4FD0-9811-E99E55DF3995} = {C8DB432F-8C5F-478A-A1A6-C0E3378458F0}
		{3C7F7AB3-B702-43AB-834F-504BF1178403} = {79735EA4-0A13-4CB7-B4C7-679BDF5800C7}
		{F8336E07-DB82-4D33-B690-DD476F3E49FA} = {79735EA4-0A13-4CB7-B4C7-679BDF5800C7}
		{BC4F73B0-F5B9-47B7-8280-A8256C90DD07} = {79735EA4-0A13-4CB7-B4C7-679BDF5800C7}
		{EA8763B2-90ED-4893-9340-31BE5A9264E8} = {79735EA4-0A13-4CB7-B4C7-679BDF5800C7}
		{4E9DB538-4314-4099-B541-07E4BDF52965} = {79735EA4-0A13-4CB7-B4C7-679BDF5800C7}
		{270E2351-0A49-40E0-9BCD-8EB0C715E9F7} = {79735EA4-0A13-4CB7-B4C7-679BDF5800C7}
		{499CC131-B94D-4846-BBA2-27713901675E} = {B416D439-0FE3-41A6-BB6E-D85FA15E1B2D}
		{0E70F7D3-6E9E-4C79-BFAE-F2B3ACCA9931} = {B416D439-0FE3-41A6-BB6E-D85FA15E1B2D}
		{99D7385F-C41D-4A6B-B9E6-70E4CC87E44F} = {B416D439-0FE3-41A6-BB6E-D85FA15E1B2D}
		{993A7A14-5629-4AC3-98BE-CC4511758DED} = {B416D439-0FE3-41A6-BB6E-D85FA15E1B2D}
		{F4D68BDB-6C91-448E-AFEA-0B46DFC9DC12} = {B416D439-0FE3-41A6-BB6E-D85FA15E1B2D}
		{5FD004E8-F814-49B0-90B1-0724D4B4C0D6} = {B416D439-0FE3-41A6-BB6E-D85FA15E1B2D}
		{998DDD9D-AF16-4C35-988A-095CB64EF71C} = {0DA8D2A9-6B4F-4154-BA5C-350D1F6DA40F}
		{37D226F7-FD20-4835-8180-CCB2CF710DB0} = {0DA8D2A9-6B4F-4154-BA5C-350D1F6DA40F}
		{9675204C-E6CA-4686-AEB9-AE998AC95E8C} = {0DA8D2A9-6B4F-4154-BA5C-350D1F6DA40F}
		{917C78FE-6FFE-4895-907C-00C86C8435B4} = {0DA8D2A9-6B4F-4154-BA5C-350D1F6DA40F}
		{B05D7306-A172-44C8-8AF5-D254DF80624E} = {0DA8D2A9-6B4F-4154-BA5C-350D1F6DA40F}
		{96D0634F-0C62-4FA8-A32A-D40B891E7271} = {0DA8D2A9-6B4F-4154-BA5C-350D1F6DA40F}
		{BC958A85-E760-405B-BF05-5DED63487518} = {4B3F6AEB-C318-4A52-8354-0AB73C98A0F3}
		{E59F5F8E-5616-44BB-9DF3-87C2B6F97858} = {4B3F6AEB-C318-4A52-8354-0AB73C98A0F3}
		{6C18CCD4-5DE5-47AB-B1C5-A8F6AFE7DC56} = {4B3F6AEB-C318-4A52-8354-0AB73C98A0F3}
		{D68BD847-8A60-451E-BA00-150C8D49687A} = {4B3F6AEB-C318-4A52-8354-0AB73C98A0F3}
		{3DF37832-24B6-4080-9642-FF568F7C1491} = {4B3F6AEB-C318-4A52-8354-0AB73C98A0F3}
		{AE2BB6E1-E80A-4C76-B306-A9D510AB4617} = {C645AA1F-B91A-4BE5-9D9D-B69FEB40FDA1}
		{0E69D567-486C-427A-A986-48498BD616AD} = {C645AA1F-B91A-4BE5-9D9D-B69FEB40FDA1}
		{AF5D3BC2-5CE3-4615-B88A-5BEC80512126} = {C645AA1F-B91A-4BE5-9D9D-B69FEB40FDA1}
		{B6A35A55-DA9C-4260-944C-591388B30913} = {C645AA1F-B91A-4BE5-9D9D-B69FEB40FDA1}
		{D813EC1C-13CF-4018-B0ED-E7656B9EED39} = {C645AA1F-B91A-4BE5-9D9D-B69FEB40FDA1}
		{C2A4CE1F-5701-4467-8C15-C4F6DBA217AC} = {C645AA1F-B91A-4BE5-9D9D-B69FEB40FDA1}
		{FF82F09E-7782-49BF-B2E1-6245242E6CC3} = {11212E98-8FB3-4AA2-A285-7DA1C886D168}
		{085A3772-F7B8-479B-98E2-7C0A89E6744F} = {11212E98-8FB3-4AA2-A285-7DA1C886D168}
		{7BC7739C-441A-41D8-97CD-5193FF51786D} = {11212E98-8FB3-4AA2-A285-7DA1C886D168}
		{9DE87D10-2935-4A87-9817-EE6A71B25435} = {11212E98-8FB3-4AA2-A285-7DA1C886D168}
		{EA549746-2269-4AF9-B8CB-369F45D83F0C} = {11212E98-8FB3-4AA2-A285-7DA1C886D168}
		{6FB541FC-A46F-4190-8E3A-9CF6D3AD27F2} = {36D591C7-65C7-A0D1-1CBC-10CDE441BDC8}
		{7ED95C44-F920-4656-998D-9BE30ACD2CFF} = {36D591C7-65C7-A0D1-1CBC-10CDE441BDC8}
		{A80D901D-7C7D-4612-AD81-D18B686ECD46} = {36D591C7-65C7-A0D1-1CBC-10CDE441BDC8}
		{08075DC1-82DD-4EDF-8DA5-7D660C254BDC} = {36D591C7-65C7-A0D1-1CBC-10CDE441BDC8}
		{6122C9C3-8490-4AF1-AC1A-E8A0E124FA33} = {36D591C7-65C7-A0D1-1CBC-10CDE441BDC8}
		{82512A97-9FB4-4CD6-A8B7-3C2EA1E9E198} = {36D591C7-65C7-A0D1-1CBC-10CDE441BDC8}
		{2F3B7D44-ECE8-456D-A784-59BD4B907774} = {FF87A8B7-DE35-4BBC-8077-FECB09DE4446}
		{8FA2B022-8774-4D0A-8FE0-A13F5682758E} = {FF87A8B7-DE35-4BBC-8077-FECB09DE4446}
		{423ABEBE-DEF2-47F0-9119-94787A8D685F} = {FF87A8B7-DE35-4BBC-8077-FECB09DE4446}
		{29B026FC-82E2-48B4-BB8E-A08D3B7A2D0A} = {FF87A8B7-DE35-4BBC-8077-FECB09DE4446}
		{CA7841E4-4E5E-442D-A3BC-1095D9EC52A4} = {FF87A8B7-DE35-4BBC-8077-FECB09DE4446}
		{42EEDD9C-6467-45FB-986B-B25AB83EBC93} = {FF87A8B7-DE35-4BBC-8077-FECB09DE4446}
	EndGlobalSection
	GlobalSection(ExtensibilityGlobals) = postSolution
		SolutionGuid = {B04B4040-F6FE-4D62-8D98-07CAF461ED14}
	EndGlobalSection
EndGlobal
